
Microsoft Visual Studio Solution File, Format Version 12.00
# Visual Studio Version 16
VisualStudioVersion = 16.0.30114.105
MinimumVisualStudioVersion = 10.0.40219.1
Project("{9A19103F-16F7-4668-BE54-9A1E7A4F7556}") = "ProductService", "ProductService\ProductService.csproj", "{06FD5D8D-094D-41F4-B6FB-E466F90FBE88}"
EndProject
Project("{9A19103F-16F7-4668-BE54-9A1E7A4F7556}") = "ShippingService", "ShippingService\ShippingService.csproj", "{BE85AEE8-BA01-447B-96CE-84ADF2CC5E21}"
EndProject
Project("{9A19103F-16F7-4668-BE54-9A1E7A4F7556}") = "SalesService", "SalesService\SalesService.csproj", "{5FADF4D7-B6CF-4936-BBBC-00BA9AB96B4A}"
EndProject
Project("{FAE04EC0-301F-11D3-BF4B-00C04F79EFBC}") = "Gateway", "Gateway\Gateway.csproj", "{88608B95-AC9D-4624-A5B8-2BC4685A86C5}"
EndProject
Project("{FAE04EC0-301F-11D3-BF4B-00C04F79EFBC}") = "ViewService", "ViewService\ViewService.csproj", "{55F317CE-0E2E-4972-8E87-00520720AC94}"
EndProject
Global
	GlobalSection(SolutionConfigurationPlatforms) = preSolution
		Debug|Any CPU = Debug|Any CPU
		Release|Any CPU = Release|Any CPU
	EndGlobalSection
	GlobalSection(ProjectConfigurationPlatforms) = postSolution
		{06FD5D8D-094D-41F4-B6FB-E466F90FBE88}.Debug|Any CPU.ActiveCfg = Debug|Any CPU
		{06FD5D8D-094D-41F4-B6FB-E466F90FBE88}.Debug|Any CPU.Build.0 = Debug|Any CPU
		{06FD5D8D-094D-41F4-B6FB-E466F90FBE88}.Release|Any CPU.ActiveCfg = Release|Any CPU
		{06FD5D8D-094D-41F4-B6FB-E466F90FBE88}.Release|Any CPU.Build.0 = Release|Any CPU
		{BE85AEE8-BA01-447B-96CE-84ADF2CC5E21}.Debug|Any CPU.ActiveCfg = Debug|Any CPU
		{BE85AEE8-BA01-447B-96CE-84ADF2CC5E21}.Debug|Any CPU.Build.0 = Debug|Any CPU
		{BE85AEE8-BA01-447B-96CE-84ADF2CC5E21}.Release|Any CPU.ActiveCfg = Release|Any CPU
		{BE85AEE8-BA01-447B-96CE-84ADF2CC5E21}.Release|Any CPU.Build.0 = Release|Any CPU
		{5FADF4D7-B6CF-4936-BBBC-00BA9AB96B4A}.Debug|Any CPU.ActiveCfg = Debug|Any CPU
		{5FADF4D7-B6CF-4936-BBBC-00BA9AB96B4A}.Debug|Any CPU.Build.0 = Debug|Any CPU
		{5FADF4D7-B6CF-4936-BBBC-00BA9AB96B4A}.Release|Any CPU.ActiveCfg = Release|Any CPU
		{5FADF4D7-B6CF-4936-BBBC-00BA9AB96B4A}.Release|Any CPU.Build.0 = Release|Any CPU
		{88608B95-AC9D-4624-A5B8-2BC4685A86C5}.Debug|Any CPU.ActiveCfg = Debug|Any CPU
		{88608B95-AC9D-4624-A5B8-2BC4685A86C5}.Debug|Any CPU.Build.0 = Debug|Any CPU
		{88608B95-AC9D-4624-A5B8-2BC4685A86C5}.Release|Any CPU.ActiveCfg = Release|Any CPU
		{88608B95-AC9D-4624-A5B8-2BC4685A86C5}.Release|Any CPU.Build.0 = Release|Any CPU
		{55F317CE-0E2E-4972-8E87-00520720AC94}.Debug|Any CPU.ActiveCfg = Debug|Any CPU
		{55F317CE-0E2E-4972-8E87-00520720AC94}.Debug|Any CPU.Build.0 = Debug|Any CPU
		{55F317CE-0E2E-4972-8E87-00520720AC94}.Release|Any CPU.ActiveCfg = Release|Any CPU
		{55F317CE-0E2E-4972-8E87-00520720AC94}.Release|Any CPU.Build.0 = Release|Any CPU
	EndGlobalSection
	GlobalSection(SolutionProperties) = preSolution
		HideSolutionNode = FALSE
	EndGlobalSection
	GlobalSection(ExtensibilityGlobals) = postSolution
		SolutionGuid = {9A608F00-5939-49CE-BCD1-208EEBF8B3F4}
	EndGlobalSection
EndGlobal
